
Microsoft Visual Studio Solution File, Format Version 12.00
# Visual Studio Version 16
VisualStudioVersion = 16.0.31112.23
MinimumVisualStudioVersion = 10.0.40219.1
Project("{FAE04EC0-301F-11D3-BF4B-00C04F79EFBC}") = "dotnetCowin", "dotnetCowin\dotnetCowin.csproj", "{4EAB558F-0F79-4F1E-BBDB-7F743EC659F2}"
EndProject
Global
	GlobalSection(SolutionConfigurationPlatforms) = preSolution
		Debug|Any CPU = Debug|Any CPU
		Release|Any CPU = Release|Any CPU
	EndGlobalSection
	GlobalSection(ProjectConfigurationPlatforms) = postSolution
		{4EAB558F-0F79-4F1E-BBDB-7F743EC659F2}.Debug|Any CPU.ActiveCfg = Debug|Any CPU
		{4EAB558F-0F79-4F1E-BBDB-7F743EC659F2}.Debug|Any CPU.Build.0 = Debug|Any CPU
		{4EAB558F-0F79-4F1E-BBDB-7F743EC659F2}.Release|Any CPU.ActiveCfg = Release|Any CPU
		{4EAB558F-0F79-4F1E-BBDB-7F743EC659F2}.Release|Any CPU.Build.0 = Release|Any CPU
	EndGlobalSection
	GlobalSection(SolutionProperties) = preSolution
		HideSolutionNode = FALSE
	EndGlobalSection
	GlobalSection(ExtensibilityGlobals) = postSolution
		SolutionGuid = {E8AD35D7-979D-47BD-A66D-1099A1E1A03F}
	EndGlobalSection
EndGlobal
